{
  "requires": true,
  "lockfileVersion": 1,
  "dependencies": {
    "felipeparreira-palindrome": {
      "version": "0.1.0",
      "resolved": "https://registry.npmjs.org/felipeparreira-palindrome/-/felipeparreira-palindrome-0.1.0.tgz",
      "integrity": "sha512-M/SmF3qT/fnz0+myy0tklgYgClLr8HVZLJXgG7CBXz/yxDHrrNxwGjuFa19BLI585wOI+bULAnSV+4cCvzw3pw=="
    }
  }
}
